// !$*UTF8*$!
{
	archiveVersion = 1;
	classes = {
	};
	objectVersion = 56;
	objects = {

/* Begin PBXBuildFile section */
		3AA215942C42D1A000501BC0 /* FinalSpaceAppApp.swift in Sources */ = {isa = PBXBuildFile; fileRef = 3AA215932C42D1A000501BC0 /* FinalSpaceAppApp.swift */; };
		3AA215962C42D1A000501BC0 /* ContentView.swift in Sources */ = {isa = PBXBuildFile; fileRef = 3AA215952C42D1A000501BC0 /* ContentView.swift */; };
		3AA215982C42D1A200501BC0 /* Assets.xcassets in Resources */ = {isa = PBXBuildFile; fileRef = 3AA215972C42D1A200501BC0 /* Assets.xcassets */; };
		3AA2159B2C42D1A200501BC0 /* Preview Assets.xcassets in Resources */ = {isa = PBXBuildFile; fileRef = 3AA2159A2C42D1A200501BC0 /* Preview Assets.xcassets */; };
		3AA215A22C42D22800501BC0 /* Model.swift in Sources */ = {isa = PBXBuildFile; fileRef = 3AA215A12C42D22800501BC0 /* Model.swift */; };
		3AA215A42C42D25B00501BC0 /* NetworkManager.swift in Sources */ = {isa = PBXBuildFile; fileRef = 3AA215A32C42D25B00501BC0 /* NetworkManager.swift */; };
		3AA215A62C42D2B800501BC0 /* ViewModel.swift in Sources */ = {isa = PBXBuildFile; fileRef = 3AA215A52C42D2B700501BC0 /* ViewModel.swift */; };
		3AA215A82C42DAB700501BC0 /* NetworkError.swift in Sources */ = {isa = PBXBuildFile; fileRef = 3AA215A72C42DAB700501BC0 /* NetworkError.swift */; };
		3AA215AA2C42DAD700501BC0 /* URLConstants.swift in Sources */ = {isa = PBXBuildFile; fileRef = 3AA215A92C42DAD700501BC0 /* URLConstants.swift */; };
		3AA215AC2C42EC3800501BC0 /* AsyncImageView.swift in Sources */ = {isa = PBXBuildFile; fileRef = 3AA215AB2C42EC3800501BC0 /* AsyncImageView.swift */; };
		3AA215AE2C4307CF00501BC0 /* CharacterDetailView.swift in Sources */ = {isa = PBXBuildFile; fileRef = 3AA215AD2C4307CF00501BC0 /* CharacterDetailView.swift */; };
		3AA215B02C430B1600501BC0 /* SizeConstants.swift in Sources */ = {isa = PBXBuildFile; fileRef = 3AA215AF2C430B1600501BC0 /* SizeConstants.swift */; };
		3AA215B22C430B4300501BC0 /* MainImageView.swift in Sources */ = {isa = PBXBuildFile; fileRef = 3AA215B12C430B4300501BC0 /* MainImageView.swift */; };
		3AA215B42C430CBE00501BC0 /* GradientAvatarView.swift in Sources */ = {isa = PBXBuildFile; fileRef = 3AA215B32C430CBE00501BC0 /* GradientAvatarView.swift */; };
		3AA215B72C430D6600501BC0 /* BackButtonView.swift in Sources */ = {isa = PBXBuildFile; fileRef = 3AA215B62C430D6600501BC0 /* BackButtonView.swift */; };
		3AA215BB2C45293700501BC0 /* FullScreenImageView.swift in Sources */ = {isa = PBXBuildFile; fileRef = 3AA215BA2C45293700501BC0 /* FullScreenImageView.swift */; };
		3AA215BF2C467AE100501BC0 /* HomeView.swift in Sources */ = {isa = PBXBuildFile; fileRef = 3AA215BE2C467AE100501BC0 /* HomeView.swift */; };
		3AA215C12C467B5900501BC0 /* EpisodesView.swift in Sources */ = {isa = PBXBuildFile; fileRef = 3AA215C02C467B5900501BC0 /* EpisodesView.swift */; };
		3AA215C32C467B8600501BC0 /* EpisodeDetailView.swift in Sources */ = {isa = PBXBuildFile; fileRef = 3AA215C22C467B8600501BC0 /* EpisodeDetailView.swift */; };
		3AA215C72C47AD1F00501BC0 /* DownloadableImage.swift in Sources */ = {isa = PBXBuildFile; fileRef = 3AA215C62C47AD1F00501BC0 /* DownloadableImage.swift */; };
		3AA215C92C47D77B00501BC0 /* LocationsView.swift in Sources */ = {isa = PBXBuildFile; fileRef = 3AA215C82C47D77B00501BC0 /* LocationsView.swift */; };
		3AA215CB2C47D9AC00501BC0 /* LocationDetailView.swift in Sources */ = {isa = PBXBuildFile; fileRef = 3AA215CA2C47D9AC00501BC0 /* LocationDetailView.swift */; };
/* End PBXBuildFile section */

/* Begin PBXFileReference section */
		3AA215902C42D1A000501BC0 /* FinalSpaceApp.app */ = {isa = PBXFileReference; explicitFileType = wrapper.application; includeInIndex = 0; path = FinalSpaceApp.app; sourceTree = BUILT_PRODUCTS_DIR; };
		3AA215932C42D1A000501BC0 /* FinalSpaceAppApp.swift */ = {isa = PBXFileReference; lastKnownFileType = sourcecode.swift; path = FinalSpaceAppApp.swift; sourceTree = "<group>"; };
		3AA215952C42D1A000501BC0 /* ContentView.swift */ = {isa = PBXFileReference; lastKnownFileType = sourcecode.swift; path = ContentView.swift; sourceTree = "<group>"; };
		3AA215972C42D1A200501BC0 /* Assets.xcassets */ = {isa = PBXFileReference; lastKnownFileType = folder.assetcatalog; path = Assets.xcassets; sourceTree = "<group>"; };
		3AA2159A2C42D1A200501BC0 /* Preview Assets.xcassets */ = {isa = PBXFileReference; lastKnownFileType = folder.assetcatalog; path = "Preview Assets.xcassets"; sourceTree = "<group>"; };
		3AA215A12C42D22800501BC0 /* Model.swift */ = {isa = PBXFileReference; lastKnownFileType = sourcecode.swift; path = Model.swift; sourceTree = "<group>"; };
		3AA215A32C42D25B00501BC0 /* NetworkManager.swift */ = {isa = PBXFileReference; lastKnownFileType = sourcecode.swift; path = NetworkManager.swift; sourceTree = "<group>"; };
		3AA215A52C42D2B700501BC0 /* ViewModel.swift */ = {isa = PBXFileReference; lastKnownFileType = sourcecode.swift; path = ViewModel.swift; sourceTree = "<group>"; };
		3AA215A72C42DAB700501BC0 /* NetworkError.swift */ = {isa = PBXFileReference; lastKnownFileType = sourcecode.swift; path = NetworkError.swift; sourceTree = "<group>"; };
		3AA215A92C42DAD700501BC0 /* URLConstants.swift */ = {isa = PBXFileReference; lastKnownFileType = sourcecode.swift; path = URLConstants.swift; sourceTree = "<group>"; };
		3AA215AB2C42EC3800501BC0 /* AsyncImageView.swift */ = {isa = PBXFileReference; lastKnownFileType = sourcecode.swift; path = AsyncImageView.swift; sourceTree = "<group>"; };
		3AA215AD2C4307CF00501BC0 /* CharacterDetailView.swift */ = {isa = PBXFileReference; lastKnownFileType = sourcecode.swift; path = CharacterDetailView.swift; sourceTree = "<group>"; };
		3AA215AF2C430B1600501BC0 /* SizeConstants.swift */ = {isa = PBXFileReference; lastKnownFileType = sourcecode.swift; path = SizeConstants.swift; sourceTree = "<group>"; };
		3AA215B12C430B4300501BC0 /* MainImageView.swift */ = {isa = PBXFileReference; lastKnownFileType = sourcecode.swift; path = MainImageView.swift; sourceTree = "<group>"; };
		3AA215B32C430CBE00501BC0 /* GradientAvatarView.swift */ = {isa = PBXFileReference; lastKnownFileType = sourcecode.swift; path = GradientAvatarView.swift; sourceTree = "<group>"; };
		3AA215B62C430D6600501BC0 /* BackButtonView.swift */ = {isa = PBXFileReference; lastKnownFileType = sourcecode.swift; path = BackButtonView.swift; sourceTree = "<group>"; };
		3AA215BA2C45293700501BC0 /* FullScreenImageView.swift */ = {isa = PBXFileReference; lastKnownFileType = sourcecode.swift; path = FullScreenImageView.swift; sourceTree = "<group>"; };
		3AA215BE2C467AE100501BC0 /* HomeView.swift */ = {isa = PBXFileReference; lastKnownFileType = sourcecode.swift; path = HomeView.swift; sourceTree = "<group>"; };
		3AA215C02C467B5900501BC0 /* EpisodesView.swift */ = {isa = PBXFileReference; lastKnownFileType = sourcecode.swift; path = EpisodesView.swift; sourceTree = "<group>"; };
		3AA215C22C467B8600501BC0 /* EpisodeDetailView.swift */ = {isa = PBXFileReference; lastKnownFileType = sourcecode.swift; path = EpisodeDetailView.swift; sourceTree = "<group>"; };
		3AA215C42C46859B00501BC0 /* Info.plist */ = {isa = PBXFileReference; lastKnownFileType = text.plist; path = Info.plist; sourceTree = "<group>"; };
		3AA215C62C47AD1F00501BC0 /* DownloadableImage.swift */ = {isa = PBXFileReference; lastKnownFileType = sourcecode.swift; path = DownloadableImage.swift; sourceTree = "<group>"; };
		3AA215C82C47D77B00501BC0 /* LocationsView.swift */ = {isa = PBXFileReference; lastKnownFileType = sourcecode.swift; path = LocationsView.swift; sourceTree = "<group>"; };
		3AA215CA2C47D9AC00501BC0 /* LocationDetailView.swift */ = {isa = PBXFileReference; lastKnownFileType = sourcecode.swift; path = LocationDetailView.swift; sourceTree = "<group>"; };
/* End PBXFileReference section */

/* Begin PBXFrameworksBuildPhase section */
		3AA2158D2C42D1A000501BC0 /* Frameworks */ = {
			isa = PBXFrameworksBuildPhase;
			buildActionMask = 2147483647;
			files = (
			);
			runOnlyForDeploymentPostprocessing = 0;
		};
/* End PBXFrameworksBuildPhase section */

/* Begin PBXGroup section */
		3AA215872C42D1A000501BC0 = {
			isa = PBXGroup;
			children = (
				3AA215922C42D1A000501BC0 /* FinalSpaceApp */,
				3AA215912C42D1A000501BC0 /* Products */,
			);
			sourceTree = "<group>";
		};
		3AA215912C42D1A000501BC0 /* Products */ = {
			isa = PBXGroup;
			children = (
				3AA215902C42D1A000501BC0 /* FinalSpaceApp.app */,
			);
			name = Products;
			sourceTree = "<group>";
		};
		3AA215922C42D1A000501BC0 /* FinalSpaceApp */ = {
			isa = PBXGroup;
			children = (
				3AA215C42C46859B00501BC0 /* Info.plist */,
				3AA215932C42D1A000501BC0 /* FinalSpaceAppApp.swift */,
				3AA215952C42D1A000501BC0 /* ContentView.swift */,
				3AA215A12C42D22800501BC0 /* Model.swift */,
				3AA215A52C42D2B700501BC0 /* ViewModel.swift */,
				3AA215A72C42DAB700501BC0 /* NetworkError.swift */,
				3AA215AD2C4307CF00501BC0 /* CharacterDetailView.swift */,
				3AA215B32C430CBE00501BC0 /* GradientAvatarView.swift */,
				3AA215C82C47D77B00501BC0 /* LocationsView.swift */,
				3AA215CA2C47D9AC00501BC0 /* LocationDetailView.swift */,
				3AA215C02C467B5900501BC0 /* EpisodesView.swift */,
				3AA215C22C467B8600501BC0 /* EpisodeDetailView.swift */,
				3AA215BE2C467AE100501BC0 /* HomeView.swift */,
				3AA215BA2C45293700501BC0 /* FullScreenImageView.swift */,
				3AA215B62C430D6600501BC0 /* BackButtonView.swift */,
				3AA215B12C430B4300501BC0 /* MainImageView.swift */,
				3AA215A92C42DAD700501BC0 /* URLConstants.swift */,
				3AA215AB2C42EC3800501BC0 /* AsyncImageView.swift */,
				3AA215A32C42D25B00501BC0 /* NetworkManager.swift */,
				3AA215AF2C430B1600501BC0 /* SizeConstants.swift */,
				3AA215C52C47ACEC00501BC0 /* Protocols */,
				3AA215972C42D1A200501BC0 /* Assets.xcassets */,
				3AA215992C42D1A200501BC0 /* Preview Content */,
			);
			path = FinalSpaceApp;
			sourceTree = "<group>";
		};
		3AA215992C42D1A200501BC0 /* Preview Content */ = {
			isa = PBXGroup;
			children = (
				3AA2159A2C42D1A200501BC0 /* Preview Assets.xcassets */,
			);
			path = "Preview Content";
			sourceTree = "<group>";
		};
		3AA215C52C47ACEC00501BC0 /* Protocols */ = {
			isa = PBXGroup;
			children = (
				3AA215C62C47AD1F00501BC0 /* DownloadableImage.swift */,
			);
			path = Protocols;
			sourceTree = "<group>";
		};
/* End PBXGroup section */

/* Begin PBXNativeTarget section */
		3AA2158F2C42D1A000501BC0 /* FinalSpaceApp */ = {
			isa = PBXNativeTarget;
			buildConfigurationList = 3AA2159E2C42D1A200501BC0 /* Build configuration list for PBXNativeTarget "FinalSpaceApp" */;
			buildPhases = (
				3AA2158C2C42D1A000501BC0 /* Sources */,
				3AA2158D2C42D1A000501BC0 /* Frameworks */,
				3AA2158E2C42D1A000501BC0 /* Resources */,
			);
			buildRules = (
			);
			dependencies = (
			);
			name = FinalSpaceApp;
			productName = FinalSpaceApp;
			productReference = 3AA215902C42D1A000501BC0 /* FinalSpaceApp.app */;
			productType = "com.apple.product-type.application";
		};
/* End PBXNativeTarget section */

/* Begin PBXProject section */
		3AA215882C42D1A000501BC0 /* Project object */ = {
			isa = PBXProject;
			attributes = {
				BuildIndependentTargetsInParallel = 1;
				LastSwiftUpdateCheck = 1500;
				LastUpgradeCheck = 1500;
				TargetAttributes = {
					3AA2158F2C42D1A000501BC0 = {
						CreatedOnToolsVersion = 15.0.1;
					};
				};
			};
			buildConfigurationList = 3AA2158B2C42D1A000501BC0 /* Build configuration list for PBXProject "FinalSpaceApp" */;
			compatibilityVersion = "Xcode 14.0";
			developmentRegion = en;
			hasScannedForEncodings = 0;
			knownRegions = (
				en,
				Base,
			);
			mainGroup = 3AA215872C42D1A000501BC0;
			productRefGroup = 3AA215912C42D1A000501BC0 /* Products */;
			projectDirPath = "";
			projectRoot = "";
			targets = (
				3AA2158F2C42D1A000501BC0 /* FinalSpaceApp */,
			);
		};
/* End PBXProject section */

/* Begin PBXResourcesBuildPhase section */
		3AA2158E2C42D1A000501BC0 /* Resources */ = {
			isa = PBXResourcesBuildPhase;
			buildActionMask = 2147483647;
			files = (
				3AA2159B2C42D1A200501BC0 /* Preview Assets.xcassets in Resources */,
				3AA215982C42D1A200501BC0 /* Assets.xcassets in Resources */,
			);
			runOnlyForDeploymentPostprocessing = 0;
		};
/* End PBXResourcesBuildPhase section */

/* Begin PBXSourcesBuildPhase section */
		3AA2158C2C42D1A000501BC0 /* Sources */ = {
			isa = PBXSourcesBuildPhase;
			buildActionMask = 2147483647;
			files = (
				3AA215AE2C4307CF00501BC0 /* CharacterDetailView.swift in Sources */,
				3AA215B22C430B4300501BC0 /* MainImageView.swift in Sources */,
				3AA215B72C430D6600501BC0 /* BackButtonView.swift in Sources */,
				3AA215C72C47AD1F00501BC0 /* DownloadableImage.swift in Sources */,
				3AA215C32C467B8600501BC0 /* EpisodeDetailView.swift in Sources */,
				3AA215A62C42D2B800501BC0 /* ViewModel.swift in Sources */,
				3AA215A42C42D25B00501BC0 /* NetworkManager.swift in Sources */,
				3AA215A22C42D22800501BC0 /* Model.swift in Sources */,
				3AA215AC2C42EC3800501BC0 /* AsyncImageView.swift in Sources */,
				3AA215BB2C45293700501BC0 /* FullScreenImageView.swift in Sources */,
				3AA215AA2C42DAD700501BC0 /* URLConstants.swift in Sources */,
				3AA215C92C47D77B00501BC0 /* LocationsView.swift in Sources */,
				3AA215B02C430B1600501BC0 /* SizeConstants.swift in Sources */,
				3AA215A82C42DAB700501BC0 /* NetworkError.swift in Sources */,
				3AA215962C42D1A000501BC0 /* ContentView.swift in Sources */,
				3AA215BF2C467AE100501BC0 /* HomeView.swift in Sources */,
				3AA215942C42D1A000501BC0 /* FinalSpaceAppApp.swift in Sources */,
				3AA215B42C430CBE00501BC0 /* GradientAvatarView.swift in Sources */,
				3AA215CB2C47D9AC00501BC0 /* LocationDetailView.swift in Sources */,
				3AA215C12C467B5900501BC0 /* EpisodesView.swift in Sources */,
			);
			runOnlyForDeploymentPostprocessing = 0;
		};
/* End PBXSourcesBuildPhase section */

/* Begin XCBuildConfiguration section */
		3AA2159C2C42D1A200501BC0 /* Debug */ = {
			isa = XCBuildConfiguration;
			buildSettings = {
				ALWAYS_SEARCH_USER_PATHS = NO;
				ASSETCATALOG_COMPILER_GENERATE_SWIFT_ASSET_SYMBOL_EXTENSIONS = YES;
				CLANG_ANALYZER_NONNULL = YES;
				CLANG_ANALYZER_NUMBER_OBJECT_CONVERSION = YES_AGGRESSIVE;
				CLANG_CXX_LANGUAGE_STANDARD = "gnu++20";
				CLANG_ENABLE_MODULES = YES;
				CLANG_ENABLE_OBJC_ARC = YES;
				CLANG_ENABLE_OBJC_WEAK = YES;
				CLANG_WARN_BLOCK_CAPTURE_AUTORELEASING = YES;
				CLANG_WARN_BOOL_CONVERSION = YES;
				CLANG_WARN_COMMA = YES;
				CLANG_WARN_CONSTANT_CONVERSION = YES;
				CLANG_WARN_DEPRECATED_OBJC_IMPLEMENTATIONS = YES;
				CLANG_WARN_DIRECT_OBJC_ISA_USAGE = YES_ERROR;
				CLANG_WARN_DOCUMENTATION_COMMENTS = YES;
				CLANG_WARN_EMPTY_BODY = YES;
				CLANG_WARN_ENUM_CONVERSION = YES;
				CLANG_WARN_INFINITE_RECURSION = YES;
				CLANG_WARN_INT_CONVERSION = YES;
				CLANG_WARN_NON_LITERAL_NULL_CONVERSION = YES;
				CLANG_WARN_OBJC_IMPLICIT_RETAIN_SELF = YES;
				CLANG_WARN_OBJC_LITERAL_CONVERSION = YES;
				CLANG_WARN_OBJC_ROOT_CLASS = YES_ERROR;
				CLANG_WARN_QUOTED_INCLUDE_IN_FRAMEWORK_HEADER = YES;
				CLANG_WARN_RANGE_LOOP_ANALYSIS = YES;
				CLANG_WARN_STRICT_PROTOTYPES = YES;
				CLANG_WARN_SUSPICIOUS_MOVE = YES;
				CLANG_WARN_UNGUARDED_AVAILABILITY = YES_AGGRESSIVE;
				CLANG_WARN_UNREACHABLE_CODE = YES;
				CLANG_WARN__DUPLICATE_METHOD_MATCH = YES;
				COPY_PHASE_STRIP = NO;
				DEBUG_INFORMATION_FORMAT = dwarf;
				ENABLE_STRICT_OBJC_MSGSEND = YES;
				ENABLE_TESTABILITY = YES;
				ENABLE_USER_SCRIPT_SANDBOXING = YES;
				GCC_C_LANGUAGE_STANDARD = gnu17;
				GCC_DYNAMIC_NO_PIC = NO;
				GCC_NO_COMMON_BLOCKS = YES;
				GCC_OPTIMIZATION_LEVEL = 0;
				GCC_PREPROCESSOR_DEFINITIONS = (
					"DEBUG=1",
					"$(inherited)",
				);
				GCC_WARN_64_TO_32_BIT_CONVERSION = YES;
				GCC_WARN_ABOUT_RETURN_TYPE = YES_ERROR;
				GCC_WARN_UNDECLARED_SELECTOR = YES;
				GCC_WARN_UNINITIALIZED_AUTOS = YES_AGGRESSIVE;
				GCC_WARN_UNUSED_FUNCTION = YES;
				GCC_WARN_UNUSED_VARIABLE = YES;
				IPHONEOS_DEPLOYMENT_TARGET = 17.0;
				LOCALIZATION_PREFERS_STRING_CATALOGS = YES;
				MTL_ENABLE_DEBUG_INFO = INCLUDE_SOURCE;
				MTL_FAST_MATH = YES;
				ONLY_ACTIVE_ARCH = YES;
				SDKROOT = iphoneos;
				SWIFT_ACTIVE_COMPILATION_CONDITIONS = "DEBUG $(inherited)";
				SWIFT_OPTIMIZATION_LEVEL = "-Onone";
			};
			name = Debug;
		};
		3AA2159D2C42D1A200501BC0 /* Release */ = {
			isa = XCBuildConfiguration;
			buildSettings = {
				ALWAYS_SEARCH_USER_PATHS = NO;
				ASSETCATALOG_COMPILER_GENERATE_SWIFT_ASSET_SYMBOL_EXTENSIONS = YES;
				CLANG_ANALYZER_NONNULL = YES;
				CLANG_ANALYZER_NUMBER_OBJECT_CONVERSION = YES_AGGRESSIVE;
				CLANG_CXX_LANGUAGE_STANDARD = "gnu++20";
				CLANG_ENABLE_MODULES = YES;
				CLANG_ENABLE_OBJC_ARC = YES;
				CLANG_ENABLE_OBJC_WEAK = YES;
				CLANG_WARN_BLOCK_CAPTURE_AUTORELEASING = YES;
				CLANG_WARN_BOOL_CONVERSION = YES;
				CLANG_WARN_COMMA = YES;
				CLANG_WARN_CONSTANT_CONVERSION = YES;
				CLANG_WARN_DEPRECATED_OBJC_IMPLEMENTATIONS = YES;
				CLANG_WARN_DIRECT_OBJC_ISA_USAGE = YES_ERROR;
				CLANG_WARN_DOCUMENTATION_COMMENTS = YES;
				CLANG_WARN_EMPTY_BODY = YES;
				CLANG_WARN_ENUM_CONVERSION = YES;
				CLANG_WARN_INFINITE_RECURSION = YES;
				CLANG_WARN_INT_CONVERSION = YES;
				CLANG_WARN_NON_LITERAL_NULL_CONVERSION = YES;
				CLANG_WARN_OBJC_IMPLICIT_RETAIN_SELF = YES;
				CLANG_WARN_OBJC_LITERAL_CONVERSION = YES;
				CLANG_WARN_OBJC_ROOT_CLASS = YES_ERROR;
				CLANG_WARN_QUOTED_INCLUDE_IN_FRAMEWORK_HEADER = YES;
				CLANG_WARN_RANGE_LOOP_ANALYSIS = YES;
				CLANG_WARN_STRICT_PROTOTYPES = YES;
				CLANG_WARN_SUSPICIOUS_MOVE = YES;
				CLANG_WARN_UNGUARDED_AVAILABILITY = YES_AGGRESSIVE;
				CLANG_WARN_UNREACHABLE_CODE = YES;
				CLANG_WARN__DUPLICATE_METHOD_MATCH = YES;
				COPY_PHASE_STRIP = NO;
				DEBUG_INFORMATION_FORMAT = "dwarf-with-dsym";
				ENABLE_NS_ASSERTIONS = NO;
				ENABLE_STRICT_OBJC_MSGSEND = YES;
				ENABLE_USER_SCRIPT_SANDBOXING = YES;
				GCC_C_LANGUAGE_STANDARD = gnu17;
				GCC_NO_COMMON_BLOCKS = YES;
				GCC_WARN_64_TO_32_BIT_CONVERSION = YES;
				GCC_WARN_ABOUT_RETURN_TYPE = YES_ERROR;
				GCC_WARN_UNDECLARED_SELECTOR = YES;
				GCC_WARN_UNINITIALIZED_AUTOS = YES_AGGRESSIVE;
				GCC_WARN_UNUSED_FUNCTION = YES;
				GCC_WARN_UNUSED_VARIABLE = YES;
				IPHONEOS_DEPLOYMENT_TARGET = 17.0;
				LOCALIZATION_PREFERS_STRING_CATALOGS = YES;
				MTL_ENABLE_DEBUG_INFO = NO;
				MTL_FAST_MATH = YES;
				SDKROOT = iphoneos;
				SWIFT_COMPILATION_MODE = wholemodule;
				VALIDATE_PRODUCT = YES;
			};
			name = Release;
		};
		3AA2159F2C42D1A200501BC0 /* Debug */ = {
			isa = XCBuildConfiguration;
			buildSettings = {
				ASSETCATALOG_COMPILER_APPICON_NAME = AppIcon;
				ASSETCATALOG_COMPILER_GLOBAL_ACCENT_COLOR_NAME = AccentColor;
				CODE_SIGN_STYLE = Automatic;
				CURRENT_PROJECT_VERSION = 1;
				DEVELOPMENT_ASSET_PATHS = "\"FinalSpaceApp/Preview Content\"";
				DEVELOPMENT_TEAM = DLGS6G2PDX;
				ENABLE_PREVIEWS = YES;
				GENERATE_INFOPLIST_FILE = YES;
				INFOPLIST_FILE = FinalSpaceApp/Info.plist;
				INFOPLIST_KEY_UIApplicationSceneManifest_Generation = YES;
				INFOPLIST_KEY_UIApplicationSupportsIndirectInputEvents = YES;
				INFOPLIST_KEY_UILaunchScreen_Generation = YES;
				INFOPLIST_KEY_UISupportedInterfaceOrientations_iPad = "UIInterfaceOrientationPortrait UIInterfaceOrientationPortraitUpsideDown UIInterfaceOrientationLandscapeLeft UIInterfaceOrientationLandscapeRight";
				INFOPLIST_KEY_UISupportedInterfaceOrientations_iPhone = "UIInterfaceOrientationPortrait UIInterfaceOrientationLandscapeLeft UIInterfaceOrientationLandscapeRight";
				LD_RUNPATH_SEARCH_PATHS = (
					"$(inherited)",
					"@executable_path/Frameworks",
				);
				MARKETING_VERSION = 1.0;
				PRODUCT_BUNDLE_IDENTIFIER = "--------------.FinalSpaceApp";
				PRODUCT_NAME = "$(TARGET_NAME)";
				SWIFT_EMIT_LOC_STRINGS = YES;
				SWIFT_VERSION = 5.0;
				TARGETED_DEVICE_FAMILY = "1,2";
			};
			name = Debug;
		};
		3AA215A02C42D1A200501BC0 /* Release */ = {
			isa = XCBuildConfiguration;
			buildSettings = {
				ASSETCATALOG_COMPILER_APPICON_NAME = AppIcon;
				ASSETCATALOG_COMPILER_GLOBAL_ACCENT_COLOR_NAME = AccentColor;
				CODE_SIGN_STYLE = Automatic;
				CURRENT_PROJECT_VERSION = 1;
				DEVELOPMENT_ASSET_PATHS = "\"FinalSpaceApp/Preview Content\"";
				DEVELOPMENT_TEAM = DLGS6G2PDX;
				ENABLE_PREVIEWS = YES;
				GENERATE_INFOPLIST_FILE = YES;
				INFOPLIST_FILE = FinalSpaceApp/Info.plist;
				INFOPLIST_KEY_UIApplicationSceneManifest_Generation = YES;
				INFOPLIST_KEY_UIApplicationSupportsIndirectInputEvents = YES;
				INFOPLIST_KEY_UILaunchScreen_Generation = YES;
				INFOPLIST_KEY_UISupportedInterfaceOrientations_iPad = "UIInterfaceOrientationPortrait UIInterfaceOrientationPortraitUpsideDown UIInterfaceOrientationLandscapeLeft UIInterfaceOrientationLandscapeRight";
				INFOPLIST_KEY_UISupportedInterfaceOrientations_iPhone = "UIInterfaceOrientationPortrait UIInterfaceOrientationLandscapeLeft UIInterfaceOrientationLandscapeRight";
				LD_RUNPATH_SEARCH_PATHS = (
					"$(inherited)",
					"@executable_path/Frameworks",
				);
				MARKETING_VERSION = 1.0;
				PRODUCT_BUNDLE_IDENTIFIER = "--------------.FinalSpaceApp";
				PRODUCT_NAME = "$(TARGET_NAME)";
				SWIFT_EMIT_LOC_STRINGS = YES;
				SWIFT_VERSION = 5.0;
				TARGETED_DEVICE_FAMILY = "1,2";
			};
			name = Release;
		};
/* End XCBuildConfiguration section */

/* Begin XCConfigurationList section */
		3AA2158B2C42D1A000501BC0 /* Build configuration list for PBXProject "FinalSpaceApp" */ = {
			isa = XCConfigurationList;
			buildConfigurations = (
				3AA2159C2C42D1A200501BC0 /* Debug */,
				3AA2159D2C42D1A200501BC0 /* Release */,
			);
			defaultConfigurationIsVisible = 0;
			defaultConfigurationName = Release;
		};
		3AA2159E2C42D1A200501BC0 /* Build configuration list for PBXNativeTarget "FinalSpaceApp" */ = {
			isa = XCConfigurationList;
			buildConfigurations = (
				3AA2159F2C42D1A200501BC0 /* Debug */,
				3AA215A02C42D1A200501BC0 /* Release */,
			);
			defaultConfigurationIsVisible = 0;
			defaultConfigurationName = Release;
		};
/* End XCConfigurationList section */
	};
	rootObject = 3AA215882C42D1A000501BC0 /* Project object */;
}
